// !$*UTF8*$!
{
	archiveVersion = 1;
	classes = {
	};
	objectVersion = 77;
	objects = {

/* Begin PBXBuildFile section */
		B94000E82F66E9D5001B1ADA /* Differentiator in Frameworks */ = {isa = PBXBuildFile; productRef = B94000E72F66E9D5001B1ADA /* Differentiator */; };
		B94000EA2F66E9D5001B1ADA /* RxDataSources in Frameworks */ = {isa = PBXBuildFile; productRef = B94000E92F66E9D5001B1ADA /* RxDataSources */; };
		B96374242F625534004B189F /* Alamofire in Frameworks */ = {isa = PBXBuildFile; productRef = B96374232F625534004B189F /* Alamofire */; };
		B96374272F625554004B189F /* RxCocoa in Frameworks */ = {isa = PBXBuildFile; productRef = B96374262F625554004B189F /* RxCocoa */; };
		B96374292F625554004B189F /* RxRelay in Frameworks */ = {isa = PBXBuildFile; productRef = B96374282F625554004B189F /* RxRelay */; };
		B963742B2F625554004B189F /* RxSwift in Frameworks */ = {isa = PBXBuildFile; productRef = B963742A2F625554004B189F /* RxSwift */; };
		B980D0B92F6556AF008A6DCF /* Kingfisher in Frameworks */ = {isa = PBXBuildFile; productRef = B980D0B82F6556AF008A6DCF /* Kingfisher */; };
		B9B573F32F6190BE00AEC197 /* Then in Frameworks */ = {isa = PBXBuildFile; productRef = B9B573F22F6190BE00AEC197 /* Then */; };
		B9B573F62F6190F200AEC197 /* SnapKit in Frameworks */ = {isa = PBXBuildFile; productRef = B9B573F52F6190F200AEC197 /* SnapKit */; };
		B9C3705F2F62D5DF00A38241 /* ReactorKit in Frameworks */ = {isa = PBXBuildFile; productRef = B9C3705E2F62D5DF00A38241 /* ReactorKit */; };
/* End PBXBuildFile section */

/* Begin PBXFileReference section */
		B9B573BF2F618A9600AEC197 /* Challenge.app */ = {isa = PBXFileReference; explicitFileType = wrapper.application; includeInIndex = 0; path = Challenge.app; sourceTree = BUILT_PRODUCTS_DIR; };
/* End PBXFileReference section */

/* Begin PBXFileSystemSynchronizedBuildFileExceptionSet section */
		B9C3705C2F62CED500A38241 /* Exceptions for "Challenge" folder in "Challenge" target */ = {
			isa = PBXFileSystemSynchronizedBuildFileExceptionSet;
			membershipExceptions = (
				Resources/Info.plist,
			);
			target = B9B573BE2F618A9600AEC197 /* Challenge */;
		};
/* End PBXFileSystemSynchronizedBuildFileExceptionSet section */

/* Begin PBXFileSystemSynchronizedRootGroup section */
		B9B573C12F618A9600AEC197 /* Challenge */ = {
			isa = PBXFileSystemSynchronizedRootGroup;
			exceptions = (
				B9C3705C2F62CED500A38241 /* Exceptions for "Challenge" folder in "Challenge" target */,
			);
			path = Challenge;
			sourceTree = "<group>";
		};
/* End PBXFileSystemSynchronizedRootGroup section */

/* Begin PBXFrameworksBuildPhase section */
		B9B573BC2F618A9600AEC197 /* Frameworks */ = {
			isa = PBXFrameworksBuildPhase;
			buildActionMask = 2147483647;
			files = (
				B963742B2F625554004B189F /* RxSwift in Frameworks */,
				B96374292F625554004B189F /* RxRelay in Frameworks */,
				B9C3705F2F62D5DF00A38241 /* ReactorKit in Frameworks */,
				B94000EA2F66E9D5001B1ADA /* RxDataSources in Frameworks */,
				B96374242F625534004B189F /* Alamofire in Frameworks */,
				B980D0B92F6556AF008A6DCF /* Kingfisher in Frameworks */,
				B9B573F32F6190BE00AEC197 /* Then in Frameworks */,
				B96374272F625554004B189F /* RxCocoa in Frameworks */,
				B94000E82F66E9D5001B1ADA /* Differentiator in Frameworks */,
				B9B573F62F6190F200AEC197 /* SnapKit in Frameworks */,
			);
			runOnlyForDeploymentPostprocessing = 0;
		};
/* End PBXFrameworksBuildPhase section */

/* Begin PBXGroup section */
		B9B573B62F618A9600AEC197 = {
			isa = PBXGroup;
			children = (
				B9B573C12F618A9600AEC197 /* Challenge */,
				B9B573C02F618A9600AEC197 /* Products */,
			);
			sourceTree = "<group>";
		};
		B9B573C02F618A9600AEC197 /* Products */ = {
			isa = PBXGroup;
			children = (
				B9B573BF2F618A9600AEC197 /* Challenge.app */,
			);
			name = Products;
			sourceTree = "<group>";
		};
/* End PBXGroup section */

/* Begin PBXNativeTarget section */
		B9B573BE2F618A9600AEC197 /* Challenge */ = {
			isa = PBXNativeTarget;
			buildConfigurationList = B9B573D22F618A9A00AEC197 /* Build configuration list for PBXNativeTarget "Challenge" */;
			buildPhases = (
				B9B573BB2F618A9600AEC197 /* Sources */,
				B9B573BC2F618A9600AEC197 /* Frameworks */,
				B9B573BD2F618A9600AEC197 /* Resources */,
			);
			buildRules = (
			);
			dependencies = (
			);
			fileSystemSynchronizedGroups = (
				B9B573C12F618A9600AEC197 /* Challenge */,
			);
			name = Challenge;
			packageProductDependencies = (
				B9B573F22F6190BE00AEC197 /* Then */,
				B9B573F52F6190F200AEC197 /* SnapKit */,
				B96374232F625534004B189F /* Alamofire */,
				B96374262F625554004B189F /* RxCocoa */,
				B96374282F625554004B189F /* RxRelay */,
				B963742A2F625554004B189F /* RxSwift */,
				B9C3705E2F62D5DF00A38241 /* ReactorKit */,
				B980D0B82F6556AF008A6DCF /* Kingfisher */,
				B94000E72F66E9D5001B1ADA /* Differentiator */,
				B94000E92F66E9D5001B1ADA /* RxDataSources */,
			);
			productName = Challenge;
			productReference = B9B573BF2F618A9600AEC197 /* Challenge.app */;
			productType = "com.apple.product-type.application";
		};
/* End PBXNativeTarget section */

/* Begin PBXProject section */
		B9B573B72F618A9600AEC197 /* Project object */ = {
			isa = PBXProject;
			attributes = {
				BuildIndependentTargetsInParallel = 1;
				LastSwiftUpdateCheck = 2620;
				LastUpgradeCheck = 2620;
				TargetAttributes = {
					B9B573BE2F618A9600AEC197 = {
						CreatedOnToolsVersion = 26.2;
					};
				};
			};
			buildConfigurationList = B9B573BA2F618A9600AEC197 /* Build configuration list for PBXProject "Challenge" */;
			developmentRegion = en;
			hasScannedForEncodings = 0;
			knownRegions = (
				en,
				Base,
			);
			mainGroup = B9B573B62F618A9600AEC197;
			minimizedProjectReferenceProxies = 1;
			packageReferences = (
				B9B573F12F6190BE00AEC197 /* XCRemoteSwiftPackageReference "Then" */,
				B9B573F42F6190F200AEC197 /* XCRemoteSwiftPackageReference "SnapKit" */,
				B96374222F625534004B189F /* XCRemoteSwiftPackageReference "Alamofire" */,
				B96374252F625554004B189F /* XCRemoteSwiftPackageReference "RxSwift" */,
				B9C3705D2F62D5DF00A38241 /* XCRemoteSwiftPackageReference "ReactorKit" */,
				B980D0B72F6556AF008A6DCF /* XCRemoteSwiftPackageReference "Kingfisher" */,
				B94000E62F66E9D5001B1ADA /* XCRemoteSwiftPackageReference "RxDataSources" */,
			);
			preferredProjectObjectVersion = 77;
			productRefGroup = B9B573C02F618A9600AEC197 /* Products */;
			projectDirPath = "";
			projectRoot = "";
			targets = (
				B9B573BE2F618A9600AEC197 /* Challenge */,
			);
		};
/* End PBXProject section */

/* Begin PBXResourcesBuildPhase section */
		B9B573BD2F618A9600AEC197 /* Resources */ = {
			isa = PBXResourcesBuildPhase;
			buildActionMask = 2147483647;
			files = (
			);
			runOnlyForDeploymentPostprocessing = 0;
		};
/* End PBXResourcesBuildPhase section */

/* Begin PBXSourcesBuildPhase section */
		B9B573BB2F618A9600AEC197 /* Sources */ = {
			isa = PBXSourcesBuildPhase;
			buildActionMask = 2147483647;
			files = (
			);
			runOnlyForDeploymentPostprocessing = 0;
		};
/* End PBXSourcesBuildPhase section */

/* Begin XCBuildConfiguration section */
		B9B573D32F618A9A00AEC197 /* Debug */ = {
			isa = XCBuildConfiguration;
			buildSettings = {
				ASSETCATALOG_COMPILER_APPICON_NAME = AppIcon;
				ASSETCATALOG_COMPILER_GLOBAL_ACCENT_COLOR_NAME = AccentColor;
				CODE_SIGN_STYLE = Automatic;
				CURRENT_PROJECT_VERSION = 1;
				DEVELOPMENT_TEAM = YSBKYH9JX6;
				GENERATE_INFOPLIST_FILE = YES;
				INFOPLIST_FILE = Challenge/Resources/Info.plist;
				INFOPLIST_KEY_UIApplicationSupportsIndirectInputEvents = YES;
				INFOPLIST_KEY_UILaunchStoryboardName = LaunchScreen;
				INFOPLIST_KEY_UISupportedInterfaceOrientations_iPad = "UIInterfaceOrientationPortrait UIInterfaceOrientationPortraitUpsideDown UIInterfaceOrientationLandscapeLeft UIInterfaceOrientationLandscapeRight";
				INFOPLIST_KEY_UISupportedInterfaceOrientations_iPhone = "UIInterfaceOrientationPortrait UIInterfaceOrientationLandscapeLeft UIInterfaceOrientationLandscapeRight";
				IPHONEOS_DEPLOYMENT_TARGET = 16.0;
				LD_RUNPATH_SEARCH_PATHS = (
					"$(inherited)",
					"@executable_path/Frameworks",
				);
				MARKETING_VERSION = 1.0;
				PRODUCT_BUNDLE_IDENTIFIER = com.mozzis.Challenge;
				PRODUCT_NAME = "$(TARGET_NAME)";
				STRING_CATALOG_GENERATE_SYMBOLS = YES;
				SWIFT_APPROACHABLE_CONCURRENCY = YES;
				SWIFT_DEFAULT_ACTOR_ISOLATION = MainActor;
				SWIFT_EMIT_LOC_STRINGS = YES;
				SWIFT_UPCOMING_FEATURE_MEMBER_IMPORT_VISIBILITY = YES;
				SWIFT_VERSION = 5.0;
				TARGETED_DEVICE_FAMILY = "1,2";
			};
			name = Debug;
		};
		B9B573D42F618A9A00AEC197 /* Release */ = {
			isa = XCBuildConfiguration;
			buildSettings = {
				ASSETCATALOG_COMPILER_APPICON_NAME = AppIcon;
				ASSETCATALOG_COMPILER_GLOBAL_ACCENT_COLOR_NAME = AccentColor;
				CODE_SIGN_STYLE = Automatic;
				CURRENT_PROJECT_VERSION = 1;
				DEVELOPMENT_TEAM = YSBKYH9JX6;
				GENERATE_INFOPLIST_FILE = YES;
				INFOPLIST_FILE = Challenge/Resources/Info.plist;
				INFOPLIST_KEY_UIApplicationSupportsIndirectInputEvents = YES;
				INFOPLIST_KEY_UILaunchStoryboardName = LaunchScreen;
				INFOPLIST_KEY_UISupportedInterfaceOrientations_iPad = "UIInterfaceOrientationPortrait UIInterfaceOrientationPortraitUpsideDown UIInterfaceOrientationLandscapeLeft UIInterfaceOrientationLandscapeRight";
				INFOPLIST_KEY_UISupportedInterfaceOrientations_iPhone = "UIInterfaceOrientationPortrait UIInterfaceOrientationLandscapeLeft UIInterfaceOrientationLandscapeRight";
				IPHONEOS_DEPLOYMENT_TARGET = 16.0;
				LD_RUNPATH_SEARCH_PATHS = (
					"$(inherited)",
					"@executable_path/Frameworks",
				);
				MARKETING_VERSION = 1.0;
				PRODUCT_BUNDLE_IDENTIFIER = com.mozzis.Challenge;
				PRODUCT_NAME = "$(TARGET_NAME)";
				STRING_CATALOG_GENERATE_SYMBOLS = YES;
				SWIFT_APPROACHABLE_CONCURRENCY = YES;
				SWIFT_DEFAULT_ACTOR_ISOLATION = MainActor;
				SWIFT_EMIT_LOC_STRINGS = YES;
				SWIFT_UPCOMING_FEATURE_MEMBER_IMPORT_VISIBILITY = YES;
				SWIFT_VERSION = 5.0;
				TARGETED_DEVICE_FAMILY = "1,2";
			};
			name = Release;
		};
		B9B573D52F618A9A00AEC197 /* Debug */ = {
			isa = XCBuildConfiguration;
			buildSettings = {
				ALWAYS_SEARCH_USER_PATHS = NO;
				ASSETCATALOG_COMPILER_GENERATE_SWIFT_ASSET_SYMBOL_EXTENSIONS = YES;
				CLANG_ANALYZER_NONNULL = YES;
				CLANG_ANALYZER_NUMBER_OBJECT_CONVERSION = YES_AGGRESSIVE;
				CLANG_CXX_LANGUAGE_STANDARD = "gnu++20";
				CLANG_ENABLE_MODULES = YES;
				CLANG_ENABLE_OBJC_ARC = YES;
				CLANG_ENABLE_OBJC_WEAK = YES;
				CLANG_WARN_BLOCK_CAPTURE_AUTORELEASING = YES;
				CLANG_WARN_BOOL_CONVERSION = YES;
				CLANG_WARN_COMMA = YES;
				CLANG_WARN_CONSTANT_CONVERSION = YES;
				CLANG_WARN_DEPRECATED_OBJC_IMPLEMENTATIONS = YES;
				CLANG_WARN_DIRECT_OBJC_ISA_USAGE = YES_ERROR;
				CLANG_WARN_DOCUMENTATION_COMMENTS = YES;
				CLANG_WARN_EMPTY_BODY = YES;
				CLANG_WARN_ENUM_CONVERSION = YES;
				CLANG_WARN_INFINITE_RECURSION = YES;
				CLANG_WARN_INT_CONVERSION = YES;
				CLANG_WARN_NON_LITERAL_NULL_CONVERSION = YES;
				CLANG_WARN_OBJC_IMPLICIT_RETAIN_SELF = YES;
				CLANG_WARN_OBJC_LITERAL_CONVERSION = YES;
				CLANG_WARN_OBJC_ROOT_CLASS = YES_ERROR;
				CLANG_WARN_QUOTED_INCLUDE_IN_FRAMEWORK_HEADER = YES;
				CLANG_WARN_RANGE_LOOP_ANALYSIS = YES;
				CLANG_WARN_STRICT_PROTOTYPES = YES;
				CLANG_WARN_SUSPICIOUS_MOVE = YES;
				CLANG_WARN_UNGUARDED_AVAILABILITY = YES_AGGRESSIVE;
				CLANG_WARN_UNREACHABLE_CODE = YES;
				CLANG_WARN__DUPLICATE_METHOD_MATCH = YES;
				COPY_PHASE_STRIP = NO;
				DEBUG_INFORMATION_FORMAT = dwarf;
				DEVELOPMENT_TEAM = YSBKYH9JX6;
				ENABLE_STRICT_OBJC_MSGSEND = YES;
				ENABLE_TESTABILITY = YES;
				ENABLE_USER_SCRIPT_SANDBOXING = YES;
				GCC_C_LANGUAGE_STANDARD = gnu17;
				GCC_DYNAMIC_NO_PIC = NO;
				GCC_NO_COMMON_BLOCKS = YES;
				GCC_OPTIMIZATION_LEVEL = 0;
				GCC_PREPROCESSOR_DEFINITIONS = (
					"DEBUG=1",
					"$(inherited)",
				);
				GCC_WARN_64_TO_32_BIT_CONVERSION = YES;
				GCC_WARN_ABOUT_RETURN_TYPE = YES_ERROR;
				GCC_WARN_UNDECLARED_SELECTOR = YES;
				GCC_WARN_UNINITIALIZED_AUTOS = YES_AGGRESSIVE;
				GCC_WARN_UNUSED_FUNCTION = YES;
				GCC_WARN_UNUSED_VARIABLE = YES;
				IPHONEOS_DEPLOYMENT_TARGET = 26.2;
				LOCALIZATION_PREFERS_STRING_CATALOGS = YES;
				MTL_ENABLE_DEBUG_INFO = INCLUDE_SOURCE;
				MTL_FAST_MATH = YES;
				ONLY_ACTIVE_ARCH = YES;
				SDKROOT = iphoneos;
				SWIFT_ACTIVE_COMPILATION_CONDITIONS = "DEBUG $(inherited)";
				SWIFT_OPTIMIZATION_LEVEL = "-Onone";
			};
			name = Debug;
		};
		B9B573D62F618A9A00AEC197 /* Release */ = {
			isa = XCBuildConfiguration;
			buildSettings = {
				ALWAYS_SEARCH_USER_PATHS = NO;
				ASSETCATALOG_COMPILER_GENERATE_SWIFT_ASSET_SYMBOL_EXTENSIONS = YES;
				CLANG_ANALYZER_NONNULL = YES;
				CLANG_ANALYZER_NUMBER_OBJECT_CONVERSION = YES_AGGRESSIVE;
				CLANG_CXX_LANGUAGE_STANDARD = "gnu++20";
				CLANG_ENABLE_MODULES = YES;
				CLANG_ENABLE_OBJC_ARC = YES;
				CLANG_ENABLE_OBJC_WEAK = YES;
				CLANG_WARN_BLOCK_CAPTURE_AUTORELEASING = YES;
				CLANG_WARN_BOOL_CONVERSION = YES;
				CLANG_WARN_COMMA = YES;
				CLANG_WARN_CONSTANT_CONVERSION = YES;
				CLANG_WARN_DEPRECATED_OBJC_IMPLEMENTATIONS = YES;
				CLANG_WARN_DIRECT_OBJC_ISA_USAGE = YES_ERROR;
				CLANG_WARN_DOCUMENTATION_COMMENTS = YES;
				CLANG_WARN_EMPTY_BODY = YES;
				CLANG_WARN_ENUM_CONVERSION = YES;
				CLANG_WARN_INFINITE_RECURSION = YES;
				CLANG_WARN_INT_CONVERSION = YES;
				CLANG_WARN_NON_LITERAL_NULL_CONVERSION = YES;
				CLANG_WARN_OBJC_IMPLICIT_RETAIN_SELF = YES;
				CLANG_WARN_OBJC_LITERAL_CONVERSION = YES;
				CLANG_WARN_OBJC_ROOT_CLASS = YES_ERROR;
				CLANG_WARN_QUOTED_INCLUDE_IN_FRAMEWORK_HEADER = YES;
				CLANG_WARN_RANGE_LOOP_ANALYSIS = YES;
				CLANG_WARN_STRICT_PROTOTYPES = YES;
				CLANG_WARN_SUSPICIOUS_MOVE = YES;
				CLANG_WARN_UNGUARDED_AVAILABILITY = YES_AGGRESSIVE;
				CLANG_WARN_UNREACHABLE_CODE = YES;
				CLANG_WARN__DUPLICATE_METHOD_MATCH = YES;
				COPY_PHASE_STRIP = NO;
				DEBUG_INFORMATION_FORMAT = "dwarf-with-dsym";
				DEVELOPMENT_TEAM = YSBKYH9JX6;
				ENABLE_NS_ASSERTIONS = NO;
				ENABLE_STRICT_OBJC_MSGSEND = YES;
				ENABLE_USER_SCRIPT_SANDBOXING = YES;
				GCC_C_LANGUAGE_STANDARD = gnu17;
				GCC_NO_COMMON_BLOCKS = YES;
				GCC_WARN_64_TO_32_BIT_CONVERSION = YES;
				GCC_WARN_ABOUT_RETURN_TYPE = YES_ERROR;
				GCC_WARN_UNDECLARED_SELECTOR = YES;
				GCC_WARN_UNINITIALIZED_AUTOS = YES_AGGRESSIVE;
				GCC_WARN_UNUSED_FUNCTION = YES;
				GCC_WARN_UNUSED_VARIABLE = YES;
				IPHONEOS_DEPLOYMENT_TARGET = 26.2;
				LOCALIZATION_PREFERS_STRING_CATALOGS = YES;
				MTL_ENABLE_DEBUG_INFO = NO;
				MTL_FAST_MATH = YES;
				SDKROOT = iphoneos;
				SWIFT_COMPILATION_MODE = wholemodule;
				VALIDATE_PRODUCT = YES;
			};
			name = Release;
		};
/* End XCBuildConfiguration section */

/* Begin XCConfigurationList section */
		B9B573BA2F618A9600AEC197 /* Build configuration list for PBXProject "Challenge" */ = {
			isa = XCConfigurationList;
			buildConfigurations = (
				B9B573D52F618A9A00AEC197 /* Debug */,
				B9B573D62F618A9A00AEC197 /* Release */,
			);
			defaultConfigurationIsVisible = 0;
			defaultConfigurationName = Release;
		};
		B9B573D22F618A9A00AEC197 /* Build configuration list for PBXNativeTarget "Challenge" */ = {
			isa = XCConfigurationList;
			buildConfigurations = (
				B9B573D32F618A9A00AEC197 /* Debug */,
				B9B573D42F618A9A00AEC197 /* Release */,
			);
			defaultConfigurationIsVisible = 0;
			defaultConfigurationName = Release;
		};
/* End XCConfigurationList section */

/* Begin XCRemoteSwiftPackageReference section */
		B94000E62F66E9D5001B1ADA /* XCRemoteSwiftPackageReference "RxDataSources" */ = {
			isa = XCRemoteSwiftPackageReference;
			repositoryURL = "https://github.com/RxSwiftCommunity/RxDataSources";
			requirement = {
				kind = upToNextMajorVersion;
				minimumVersion = 5.0.2;
			};
		};
		B96374222F625534004B189F /* XCRemoteSwiftPackageReference "Alamofire" */ = {
			isa = XCRemoteSwiftPackageReference;
			repositoryURL = "https://github.com/Alamofire/Alamofire";
			requirement = {
				kind = upToNextMajorVersion;
				minimumVersion = 5.11.1;
			};
		};
		B96374252F625554004B189F /* XCRemoteSwiftPackageReference "RxSwift" */ = {
			isa = XCRemoteSwiftPackageReference;
			repositoryURL = "https://github.com/ReactiveX/RxSwift";
			requirement = {
				kind = upToNextMajorVersion;
				minimumVersion = 6.10.2;
			};
		};
		B980D0B72F6556AF008A6DCF /* XCRemoteSwiftPackageReference "Kingfisher" */ = {
			isa = XCRemoteSwiftPackageReference;
			repositoryURL = "https://github.com/onevcat/Kingfisher.git";
			requirement = {
				kind = upToNextMajorVersion;
				minimumVersion = 8.8.0;
			};
		};
		B9B573F12F6190BE00AEC197 /* XCRemoteSwiftPackageReference "Then" */ = {
			isa = XCRemoteSwiftPackageReference;
			repositoryURL = "https://github.com/devxoul/Then.git";
			requirement = {
				kind = upToNextMajorVersion;
				minimumVersion = 3.0.0;
			};
		};
		B9B573F42F6190F200AEC197 /* XCRemoteSwiftPackageReference "SnapKit" */ = {
			isa = XCRemoteSwiftPackageReference;
			repositoryURL = "https://github.com/SnapKit/SnapKit";
			requirement = {
				kind = upToNextMajorVersion;
				minimumVersion = 5.7.1;
			};
		};
		B9C3705D2F62D5DF00A38241 /* XCRemoteSwiftPackageReference "ReactorKit" */ = {
			isa = XCRemoteSwiftPackageReference;
			repositoryURL = "https://github.com/ReactorKit/ReactorKit";
			requirement = {
				kind = upToNextMajorVersion;
				minimumVersion = 3.2.0;
			};
		};
/* End XCRemoteSwiftPackageReference section */

/* Begin XCSwiftPackageProductDependency section */
		B94000E72F66E9D5001B1ADA /* Differentiator */ = {
			isa = XCSwiftPackageProductDependency;
			package = B94000E62F66E9D5001B1ADA /* XCRemoteSwiftPackageReference "RxDataSources" */;
			productName = Differentiator;
		};
		B94000E92F66E9D5001B1ADA /* RxDataSources */ = {
			isa = XCSwiftPackageProductDependency;
			package = B94000E62F66E9D5001B1ADA /* XCRemoteSwiftPackageReference "RxDataSources" */;
			productName = RxDataSources;
		};
		B96374232F625534004B189F /* Alamofire */ = {
			isa = XCSwiftPackageProductDependency;
			package = B96374222F625534004B189F /* XCRemoteSwiftPackageReference "Alamofire" */;
			productName = Alamofire;
		};
		B96374262F625554004B189F /* RxCocoa */ = {
			isa = XCSwiftPackageProductDependency;
			package = B96374252F625554004B189F /* XCRemoteSwiftPackageReference "RxSwift" */;
			productName = RxCocoa;
		};
		B96374282F625554004B189F /* RxRelay */ = {
			isa = XCSwiftPackageProductDependency;
			package = B96374252F625554004B189F /* XCRemoteSwiftPackageReference "RxSwift" */;
			productName = RxRelay;
		};
		B963742A2F625554004B189F /* RxSwift */ = {
			isa = XCSwiftPackageProductDependency;
			package = B96374252F625554004B189F /* XCRemoteSwiftPackageReference "RxSwift" */;
			productName = RxSwift;
		};
		B980D0B82F6556AF008A6DCF /* Kingfisher */ = {
			isa = XCSwiftPackageProductDependency;
			package = B980D0B72F6556AF008A6DCF /* XCRemoteSwiftPackageReference "Kingfisher" */;
			productName = Kingfisher;
		};
		B9B573F22F6190BE00AEC197 /* Then */ = {
			isa = XCSwiftPackageProductDependency;
			package = B9B573F12F6190BE00AEC197 /* XCRemoteSwiftPackageReference "Then" */;
			productName = Then;
		};
		B9B573F52F6190F200AEC197 /* SnapKit */ = {
			isa = XCSwiftPackageProductDependency;
			package = B9B573F42F6190F200AEC197 /* XCRemoteSwiftPackageReference "SnapKit" */;
			productName = SnapKit;
		};
		B9C3705E2F62D5DF00A38241 /* ReactorKit */ = {
			isa = XCSwiftPackageProductDependency;
			package = B9C3705D2F62D5DF00A38241 /* XCRemoteSwiftPackageReference "ReactorKit" */;
			productName = ReactorKit;
		};
/* End XCSwiftPackageProductDependency section */
	};
	rootObject = B9B573B72F618A9600AEC197 /* Project object */;
}
